
Microsoft Visual Studio Solution File, Format Version 12.00
# Visual Studio Version 16
VisualStudioVersion = 16.0.31702.278
MinimumVisualStudioVersion = 10.0.40219.1
Project("{FAE04EC0-301F-11D3-BF4B-00C04F79EFBC}") = "Laboratory_Work_5.2", "Laboratory_Work_5.2\Laboratory_Work_5.2.csproj", "{0623D84E-7D7A-49BB-B2F2-A755A0AC7B63}"
EndProject
Global
	GlobalSection(SolutionConfigurationPlatforms) = preSolution
		Debug|Any CPU = Debug|Any CPU
		Release|Any CPU = Release|Any CPU
	EndGlobalSection
	GlobalSection(ProjectConfigurationPlatforms) = postSolution
		{0623D84E-7D7A-49BB-B2F2-A755A0AC7B63}.Debug|Any CPU.ActiveCfg = Debug|Any CPU
		{0623D84E-7D7A-49BB-B2F2-A755A0AC7B63}.Debug|Any CPU.Build.0 = Debug|Any CPU
		{0623D84E-7D7A-49BB-B2F2-A755A0AC7B63}.Release|Any CPU.ActiveCfg = Release|Any CPU
		{0623D84E-7D7A-49BB-B2F2-A755A0AC7B63}.Release|Any CPU.Build.0 = Release|Any CPU
	EndGlobalSection
	GlobalSection(SolutionProperties) = preSolution
		HideSolutionNode = FALSE
	EndGlobalSection
	GlobalSection(ExtensibilityGlobals) = postSolution
		SolutionGuid = {CF5D02B8-321E-4860-A14D-D5BCA8A3A246}
	EndGlobalSection
EndGlobal
