
Microsoft Visual Studio Solution File, Format Version 12.00
# Visual Studio Version 16
VisualStudioVersion = 16.0.31702.278
MinimumVisualStudioVersion = 10.0.40219.1
Project("{FAE04EC0-301F-11D3-BF4B-00C04F79EFBC}") = "Laboratory_Work_3.2_WPF", "Laboratory_Work_3.2_WPF\Laboratory_Work_3.2_WPF.csproj", "{B79F29BF-73B4-47C2-B67F-E23C3B6A7B4D}"
EndProject
Global
	GlobalSection(SolutionConfigurationPlatforms) = preSolution
		Debug|Any CPU = Debug|Any CPU
		Release|Any CPU = Release|Any CPU
	EndGlobalSection
	GlobalSection(ProjectConfigurationPlatforms) = postSolution
		{B79F29BF-73B4-47C2-B67F-E23C3B6A7B4D}.Debug|Any CPU.ActiveCfg = Debug|Any CPU
		{B79F29BF-73B4-47C2-B67F-E23C3B6A7B4D}.Debug|Any CPU.Build.0 = Debug|Any CPU
		{B79F29BF-73B4-47C2-B67F-E23C3B6A7B4D}.Release|Any CPU.ActiveCfg = Release|Any CPU
		{B79F29BF-73B4-47C2-B67F-E23C3B6A7B4D}.Release|Any CPU.Build.0 = Release|Any CPU
	EndGlobalSection
	GlobalSection(SolutionProperties) = preSolution
		HideSolutionNode = FALSE
	EndGlobalSection
	GlobalSection(ExtensibilityGlobals) = postSolution
		SolutionGuid = {93DD25D4-9FEF-4D3A-A31F-41B976E12D7B}
	EndGlobalSection
EndGlobal
